
Microsoft Visual Studio Solution File, Format Version 12.00
# Visual Studio Version 17
VisualStudioVersion = 17.2.32516.85
MinimumVisualStudioVersion = 10.0.40219.1
Project("{FAE04EC0-301F-11D3-BF4B-00C04F79EFBC}") = "BTL_QLSV_WINFORM", "BTL_QLSV_WINFORM\BTL_QLSV_WINFORM.csproj", "{A0F1264A-4251-442F-919C-7561AD6F7B85}"
EndProject
Global
	GlobalSection(SolutionConfigurationPlatforms) = preSolution
		Debug|Any CPU = Debug|Any CPU
		Release|Any CPU = Release|Any CPU
	EndGlobalSection
	GlobalSection(ProjectConfigurationPlatforms) = postSolution
		{A0F1264A-4251-442F-919C-7561AD6F7B85}.Debug|Any CPU.ActiveCfg = Debug|Any CPU
		{A0F1264A-4251-442F-919C-7561AD6F7B85}.Debug|Any CPU.Build.0 = Debug|Any CPU
		{A0F1264A-4251-442F-919C-7561AD6F7B85}.Release|Any CPU.ActiveCfg = Release|Any CPU
		{A0F1264A-4251-442F-919C-7561AD6F7B85}.Release|Any CPU.Build.0 = Release|Any CPU
	EndGlobalSection
	GlobalSection(SolutionProperties) = preSolution
		HideSolutionNode = FALSE
	EndGlobalSection
	GlobalSection(ExtensibilityGlobals) = postSolution
		SolutionGuid = {F036B332-47E7-42E3-B69D-18D79C569C87}
	EndGlobalSection
EndGlobal
